// !$*UTF8*$!
{
	archiveVersion = 1;
	classes = {
	};
	objectVersion = 46;
	objects = {

/* Begin PBXBuildFile section */
		B244FE4B1A9E45FB001F34B2 /* AppTableViewController.m in Sources */ = {isa = PBXBuildFile; fileRef = B244FE4A1A9E45FB001F34B2 /* AppTableViewController.m */; };
		B244FE4E1A9E4614001F34B2 /* AppTableViewCell.m in Sources */ = {isa = PBXBuildFile; fileRef = B244FE4D1A9E4614001F34B2 /* AppTableViewCell.m */; };
		D594BE7F1A9E4240003BBB96 /* main.m in Sources */ = {isa = PBXBuildFile; fileRef = D594BE7E1A9E4240003BBB96 /* main.m */; };
		D594BE821A9E4240003BBB96 /* AppDelegate.m in Sources */ = {isa = PBXBuildFile; fileRef = D594BE811A9E4240003BBB96 /* AppDelegate.m */; };
		D594BE881A9E4240003BBB96 /* Main.storyboard in Resources */ = {isa = PBXBuildFile; fileRef = D594BE861A9E4240003BBB96 /* Main.storyboard */; };
		D594BE8A1A9E4240003BBB96 /* Images.xcassets in Resources */ = {isa = PBXBuildFile; fileRef = D594BE891A9E4240003BBB96 /* Images.xcassets */; };
		D594BE8D1A9E4240003BBB96 /* LaunchScreen.xib in Resources */ = {isa = PBXBuildFile; fileRef = D594BE8B1A9E4240003BBB96 /* LaunchScreen.xib */; };
		D594BE991A9E4240003BBB96 /* TableViewTests.m in Sources */ = {isa = PBXBuildFile; fileRef = D594BE981A9E4240003BBB96 /* TableViewTests.m */; };
/* End PBXBuildFile section */

/* Begin PBXContainerItemProxy section */
		D594BE931A9E4240003BBB96 /* PBXContainerItemProxy */ = {
			isa = PBXContainerItemProxy;
			containerPortal = D594BE711A9E4240003BBB96 /* Project object */;
			proxyType = 1;
			remoteGlobalIDString = D594BE781A9E4240003BBB96;
			remoteInfo = TableView;
		};
/* End PBXContainerItemProxy section */

/* Begin PBXFileReference section */
		B244FE491A9E45FB001F34B2 /* AppTableViewController.h */ = {isa = PBXFileReference; fileEncoding = 4; lastKnownFileType = sourcecode.c.h; path = AppTableViewController.h; sourceTree = "<group>"; };
		B244FE4A1A9E45FB001F34B2 /* AppTableViewController.m */ = {isa = PBXFileReference; fileEncoding = 4; lastKnownFileType = sourcecode.c.objc; path = AppTableViewController.m; sourceTree = "<group>"; };
		B244FE4C1A9E4614001F34B2 /* AppTableViewCell.h */ = {isa = PBXFileReference; fileEncoding = 4; lastKnownFileType = sourcecode.c.h; path = AppTableViewCell.h; sourceTree = "<group>"; };
		B244FE4D1A9E4614001F34B2 /* AppTableViewCell.m */ = {isa = PBXFileReference; fileEncoding = 4; lastKnownFileType = sourcecode.c.objc; path = AppTableViewCell.m; sourceTree = "<group>"; };
		D594BE791A9E4240003BBB96 /* TableView.app */ = {isa = PBXFileReference; explicitFileType = wrapper.application; includeInIndex = 0; path = TableView.app; sourceTree = BUILT_PRODUCTS_DIR; };
		D594BE7D1A9E4240003BBB96 /* Info.plist */ = {isa = PBXFileReference; lastKnownFileType = text.plist.xml; path = Info.plist; sourceTree = "<group>"; };
		D594BE7E1A9E4240003BBB96 /* main.m */ = {isa = PBXFileReference; lastKnownFileType = sourcecode.c.objc; path = main.m; sourceTree = "<group>"; };
		D594BE801A9E4240003BBB96 /* AppDelegate.h */ = {isa = PBXFileReference; lastKnownFileType = sourcecode.c.h; path = AppDelegate.h; sourceTree = "<group>"; };
		D594BE811A9E4240003BBB96 /* AppDelegate.m */ = {isa = PBXFileReference; lastKnownFileType = sourcecode.c.objc; path = AppDelegate.m; sourceTree = "<group>"; };
		D594BE871A9E4240003BBB96 /* Base */ = {isa = PBXFileReference; lastKnownFileType = file.storyboard; name = Base; path = Base.lproj/Main.storyboard; sourceTree = "<group>"; };
		D594BE891A9E4240003BBB96 /* Images.xcassets */ = {isa = PBXFileReference; lastKnownFileType = folder.assetcatalog; path = Images.xcassets; sourceTree = "<group>"; };
		D594BE8C1A9E4240003BBB96 /* Base */ = {isa = PBXFileReference; lastKnownFileType = file.xib; name = Base; path = Base.lproj/LaunchScreen.xib; sourceTree = "<group>"; };
		D594BE921A9E4240003BBB96 /* TableViewTests.xctest */ = {isa = PBXFileReference; explicitFileType = wrapper.cfbundle; includeInIndex = 0; path = TableViewTests.xctest; sourceTree = BUILT_PRODUCTS_DIR; };
		D594BE971A9E4240003BBB96 /* Info.plist */ = {isa = PBXFileReference; lastKnownFileType = text.plist.xml; path = Info.plist; sourceTree = "<group>"; };
		D594BE981A9E4240003BBB96 /* TableViewTests.m */ = {isa = PBXFileReference; lastKnownFileType = sourcecode.c.objc; path = TableViewTests.m; sourceTree = "<group>"; };
/* End PBXFileReference section */

/* Begin PBXFrameworksBuildPhase section */
		D594BE761A9E4240003BBB96 /* Frameworks */ = {
			isa = PBXFrameworksBuildPhase;
			buildActionMask = 2147483647;
			files = (
			);
			runOnlyForDeploymentPostprocessing = 0;
		};
		D594BE8F1A9E4240003BBB96 /* Frameworks */ = {
			isa = PBXFrameworksBuildPhase;
			buildActionMask = 2147483647;
			files = (
			);
			runOnlyForDeploymentPostprocessing = 0;
		};
/* End PBXFrameworksBuildPhase section */

/* Begin PBXGroup section */
		D594BE701A9E4240003BBB96 = {
			isa = PBXGroup;
			children = (
				D594BE7B1A9E4240003BBB96 /* TableView */,
				D594BE951A9E4240003BBB96 /* TableViewTests */,
				D594BE7A1A9E4240003BBB96 /* Products */,
			);
			sourceTree = "<group>";
		};
		D594BE7A1A9E4240003BBB96 /* Products */ = {
			isa = PBXGroup;
			children = (
				D594BE791A9E4240003BBB96 /* TableView.app */,
				D594BE921A9E4240003BBB96 /* TableViewTests.xctest */,
			);
			name = Products;
			sourceTree = "<group>";
		};
		D594BE7B1A9E4240003BBB96 /* TableView */ = {
			isa = PBXGroup;
			children = (
				D594BE801A9E4240003BBB96 /* AppDelegate.h */,
				D594BE811A9E4240003BBB96 /* AppDelegate.m */,
				D594BE861A9E4240003BBB96 /* Main.storyboard */,
				B244FE491A9E45FB001F34B2 /* AppTableViewController.h */,
				B244FE4C1A9E4614001F34B2 /* AppTableViewCell.h */,
				B244FE4D1A9E4614001F34B2 /* AppTableViewCell.m */,
				B244FE4A1A9E45FB001F34B2 /* AppTableViewController.m */,
				D594BE891A9E4240003BBB96 /* Images.xcassets */,
				D594BE8B1A9E4240003BBB96 /* LaunchScreen.xib */,
				D594BE7C1A9E4240003BBB96 /* Supporting Files */,
			);
			path = TableView;
			sourceTree = "<group>";
		};
		D594BE7C1A9E4240003BBB96 /* Supporting Files */ = {
			isa = PBXGroup;
			children = (
				D594BE7D1A9E4240003BBB96 /* Info.plist */,
				D594BE7E1A9E4240003BBB96 /* main.m */,
			);
			name = "Supporting Files";
			sourceTree = "<group>";
		};
		D594BE951A9E4240003BBB96 /* TableViewTests */ = {
			isa = PBXGroup;
			children = (
				D594BE981A9E4240003BBB96 /* TableViewTests.m */,
				D594BE961A9E4240003BBB96 /* Supporting Files */,
			);
			path = TableViewTests;
			sourceTree = "<group>";
		};
		D594BE961A9E4240003BBB96 /* Supporting Files */ = {
			isa = PBXGroup;
			children = (
				D594BE971A9E4240003BBB96 /* Info.plist */,
			);
			name = "Supporting Files";
			sourceTree = "<group>";
		};
/* End PBXGroup section */

/* Begin PBXNativeTarget section */
		D594BE781A9E4240003BBB96 /* TableView */ = {
			isa = PBXNativeTarget;
			buildConfigurationList = D594BE9C1A9E4240003BBB96 /* Build configuration list for PBXNativeTarget "TableView" */;
			buildPhases = (
				D594BE751A9E4240003BBB96 /* Sources */,
				D594BE761A9E4240003BBB96 /* Frameworks */,
				D594BE771A9E4240003BBB96 /* Resources */,
			);
			buildRules = (
			);
			dependencies = (
			);
			name = TableView;
			productName = TableView;
			productReference = D594BE791A9E4240003BBB96 /* TableView.app */;
			productType = "com.apple.product-type.application";
		};
		D594BE911A9E4240003BBB96 /* TableViewTests */ = {
			isa = PBXNativeTarget;
			buildConfigurationList = D594BE9F1A9E4240003BBB96 /* Build configuration list for PBXNativeTarget "TableViewTests" */;
			buildPhases = (
				D594BE8E1A9E4240003BBB96 /* Sources */,
				D594BE8F1A9E4240003BBB96 /* Frameworks */,
				D594BE901A9E4240003BBB96 /* Resources */,
			);
			buildRules = (
			);
			dependencies = (
				D594BE941A9E4240003BBB96 /* PBXTargetDependency */,
			);
			name = TableViewTests;
			productName = TableViewTests;
			productReference = D594BE921A9E4240003BBB96 /* TableViewTests.xctest */;
			productType = "com.apple.product-type.bundle.unit-test";
		};
/* End PBXNativeTarget section */

/* Begin PBXProject section */
		D594BE711A9E4240003BBB96 /* Project object */ = {
			isa = PBXProject;
			attributes = {
				LastUpgradeCheck = 0610;
				ORGANIZATIONNAME = Ckode;
				TargetAttributes = {
					D594BE781A9E4240003BBB96 = {
						CreatedOnToolsVersion = 6.1.1;
					};
					D594BE911A9E4240003BBB96 = {
						CreatedOnToolsVersion = 6.1.1;
						TestTargetID = D594BE781A9E4240003BBB96;
					};
				};
			};
			buildConfigurationList = D594BE741A9E4240003BBB96 /* Build configuration list for PBXProject "TableView" */;
			compatibilityVersion = "Xcode 3.2";
			developmentRegion = English;
			hasScannedForEncodings = 0;
			knownRegions = (
				en,
				Base,
			);
			mainGroup = D594BE701A9E4240003BBB96;
			productRefGroup = D594BE7A1A9E4240003BBB96 /* Products */;
			projectDirPath = "";
			projectRoot = "";
			targets = (
				D594BE781A9E4240003BBB96 /* TableView */,
				D594BE911A9E4240003BBB96 /* TableViewTests */,
			);
		};
/* End PBXProject section */

/* Begin PBXResourcesBuildPhase section */
		D594BE771A9E4240003BBB96 /* Resources */ = {
			isa = PBXResourcesBuildPhase;
			buildActionMask = 2147483647;
			files = (
				D594BE881A9E4240003BBB96 /* Main.storyboard in Resources */,
				D594BE8D1A9E4240003BBB96 /* LaunchScreen.xib in Resources */,
				D594BE8A1A9E4240003BBB96 /* Images.xcassets in Resources */,
			);
			runOnlyForDeploymentPostprocessing = 0;
		};
		D594BE901A9E4240003BBB96 /* Resources */ = {
			isa = PBXResourcesBuildPhase;
			buildActionMask = 2147483647;
			files = (
			);
			runOnlyForDeploymentPostprocessing = 0;
		};
/* End PBXResourcesBuildPhase section */

/* Begin PBXSourcesBuildPhase section */
		D594BE751A9E4240003BBB96 /* Sources */ = {
			isa = PBXSourcesBuildPhase;
			buildActionMask = 2147483647;
			files = (
				D594BE821A9E4240003BBB96 /* AppDelegate.m in Sources */,
				B244FE4E1A9E4614001F34B2 /* AppTableViewCell.m in Sources */,
				B244FE4B1A9E45FB001F34B2 /* AppTableViewController.m in Sources */,
				D594BE7F1A9E4240003BBB96 /* main.m in Sources */,
			);
			runOnlyForDeploymentPostprocessing = 0;
		};
		D594BE8E1A9E4240003BBB96 /* Sources */ = {
			isa = PBXSourcesBuildPhase;
			buildActionMask = 2147483647;
			files = (
				D594BE991A9E4240003BBB96 /* TableViewTests.m in Sources */,
			);
			runOnlyForDeploymentPostprocessing = 0;
		};
/* End PBXSourcesBuildPhase section */

/* Begin PBXTargetDependency section */
		D594BE941A9E4240003BBB96 /* PBXTargetDependency */ = {
			isa = PBXTargetDependency;
			target = D594BE781A9E4240003BBB96 /* TableView */;
			targetProxy = D594BE931A9E4240003BBB96 /* PBXContainerItemProxy */;
		};
/* End PBXTargetDependency section */

/* Begin PBXVariantGroup section */
		D594BE861A9E4240003BBB96 /* Main.storyboard */ = {
			isa = PBXVariantGroup;
			children = (
				D594BE871A9E4240003BBB96 /* Base */,
			);
			name = Main.storyboard;
			sourceTree = "<group>";
		};
		D594BE8B1A9E4240003BBB96 /* LaunchScreen.xib */ = {
			isa = PBXVariantGroup;
			children = (
				D594BE8C1A9E4240003BBB96 /* Base */,
			);
			name = LaunchScreen.xib;
			sourceTree = "<group>";
		};
/* End PBXVariantGroup section */

/* Begin XCBuildConfiguration section */
		D594BE9A1A9E4240003BBB96 /* Debug */ = {
			isa = XCBuildConfiguration;
			buildSettings = {
				ALWAYS_SEARCH_USER_PATHS = NO;
				CLANG_CXX_LANGUAGE_STANDARD = "gnu++0x";
				CLANG_CXX_LIBRARY = "libc++";
				CLANG_ENABLE_MODULES = YES;
				CLANG_ENABLE_OBJC_ARC = YES;
				CLANG_WARN_BOOL_CONVERSION = YES;
				CLANG_WARN_CONSTANT_CONVERSION = YES;
				CLANG_WARN_DIRECT_OBJC_ISA_USAGE = YES_ERROR;
				CLANG_WARN_EMPTY_BODY = YES;
				CLANG_WARN_ENUM_CONVERSION = YES;
				CLANG_WARN_INT_CONVERSION = YES;
				CLANG_WARN_OBJC_ROOT_CLASS = YES_ERROR;
				CLANG_WARN_UNREACHABLE_CODE = YES;
				CLANG_WARN__DUPLICATE_METHOD_MATCH = YES;
				"CODE_SIGN_IDENTITY[sdk=iphoneos*]" = "iPhone Developer";
				COPY_PHASE_STRIP = NO;
				ENABLE_STRICT_OBJC_MSGSEND = YES;
				GCC_C_LANGUAGE_STANDARD = gnu99;
				GCC_DYNAMIC_NO_PIC = NO;
				GCC_OPTIMIZATION_LEVEL = 0;
				GCC_PREPROCESSOR_DEFINITIONS = (
					"DEBUG=1",
					"$(inherited)",
				);
				GCC_SYMBOLS_PRIVATE_EXTERN = NO;
				GCC_WARN_64_TO_32_BIT_CONVERSION = YES;
				GCC_WARN_ABOUT_RETURN_TYPE = YES_ERROR;
				GCC_WARN_UNDECLARED_SELECTOR = YES;
				GCC_WARN_UNINITIALIZED_AUTOS = YES_AGGRESSIVE;
				GCC_WARN_UNUSED_FUNCTION = YES;
				GCC_WARN_UNUSED_VARIABLE = YES;
				IPHONEOS_DEPLOYMENT_TARGET = 8.1;
				MTL_ENABLE_DEBUG_INFO = YES;
				ONLY_ACTIVE_ARCH = YES;
				SDKROOT = iphoneos;
			};
			name = Debug;
		};
		D594BE9B1A9E4240003BBB96 /* Release */ = {
			isa = XCBuildConfiguration;
			buildSettings = {
				ALWAYS_SEARCH_USER_PATHS = NO;
				CLANG_CXX_LANGUAGE_STANDARD = "gnu++0x";
				CLANG_CXX_LIBRARY = "libc++";
				CLANG_ENABLE_MODULES = YES;
				CLANG_ENABLE_OBJC_ARC = YES;
				CLANG_WARN_BOOL_CONVERSION = YES;
				CLANG_WARN_CONSTANT_CONVERSION = YES;
				CLANG_WARN_DIRECT_OBJC_ISA_USAGE = YES_ERROR;
				CLANG_WARN_EMPTY_BODY = YES;
				CLANG_WARN_ENUM_CONVERSION = YES;
				CLANG_WARN_INT_CONVERSION = YES;
				CLANG_WARN_OBJC_ROOT_CLASS = YES_ERROR;
				CLANG_WARN_UNREACHABLE_CODE = YES;
				CLANG_WARN__DUPLICATE_METHOD_MATCH = YES;
				"CODE_SIGN_IDENTITY[sdk=iphoneos*]" = "iPhone Developer";
				COPY_PHASE_STRIP = YES;
				ENABLE_NS_ASSERTIONS = NO;
				ENABLE_STRICT_OBJC_MSGSEND = YES;
				GCC_C_LANGUAGE_STANDARD = gnu99;
				GCC_WARN_64_TO_32_BIT_CONVERSION = YES;
				GCC_WARN_ABOUT_RETURN_TYPE = YES_ERROR;
				GCC_WARN_UNDECLARED_SELECTOR = YES;
				GCC_WARN_UNINITIALIZED_AUTOS = YES_AGGRESSIVE;
				GCC_WARN_UNUSED_FUNCTION = YES;
				GCC_WARN_UNUSED_VARIABLE = YES;
				IPHONEOS_DEPLOYMENT_TARGET = 8.1;
				MTL_ENABLE_DEBUG_INFO = NO;
				SDKROOT = iphoneos;
				VALIDATE_PRODUCT = YES;
			};
			name = Release;
		};
		D594BE9D1A9E4240003BBB96 /* Debug */ = {
			isa = XCBuildConfiguration;
			buildSettings = {
				ASSETCATALOG_COMPILER_APPICON_NAME = AppIcon;
				INFOPLIST_FILE = TableView/Info.plist;
				LD_RUNPATH_SEARCH_PATHS = "$(inherited) @executable_path/Frameworks";
				PRODUCT_NAME = "$(TARGET_NAME)";
			};
			name = Debug;
		};
		D594BE9E1A9E4240003BBB96 /* Release */ = {
			isa = XCBuildConfiguration;
			buildSettings = {
				ASSETCATALOG_COMPILER_APPICON_NAME = AppIcon;
				INFOPLIST_FILE = TableView/Info.plist;
				LD_RUNPATH_SEARCH_PATHS = "$(inherited) @executable_path/Frameworks";
				PRODUCT_NAME = "$(TARGET_NAME)";
			};
			name = Release;
		};
		D594BEA01A9E4240003BBB96 /* Debug */ = {
			isa = XCBuildConfiguration;
			buildSettings = {
				BUNDLE_LOADER = "$(TEST_HOST)";
				FRAMEWORK_SEARCH_PATHS = (
					"$(SDKROOT)/Developer/Library/Frameworks",
					"$(inherited)",
				);
				GCC_PREPROCESSOR_DEFINITIONS = (
					"DEBUG=1",
					"$(inherited)",
				);
				INFOPLIST_FILE = TableViewTests/Info.plist;
				LD_RUNPATH_SEARCH_PATHS = "$(inherited) @executable_path/Frameworks @loader_path/Frameworks";
				PRODUCT_NAME = "$(TARGET_NAME)";
				TEST_HOST = "$(BUILT_PRODUCTS_DIR)/TableView.app/TableView";
			};
			name = Debug;
		};
		D594BEA11A9E4240003BBB96 /* Release */ = {
			isa = XCBuildConfiguration;
			buildSettings = {
				BUNDLE_LOADER = "$(TEST_HOST)";
				FRAMEWORK_SEARCH_PATHS = (
					"$(SDKROOT)/Developer/Library/Frameworks",
					"$(inherited)",
				);
				INFOPLIST_FILE = TableViewTests/Info.plist;
				LD_RUNPATH_SEARCH_PATHS = "$(inherited) @executable_path/Frameworks @loader_path/Frameworks";
				PRODUCT_NAME = "$(TARGET_NAME)";
				TEST_HOST = "$(BUILT_PRODUCTS_DIR)/TableView.app/TableView";
			};
			name = Release;
		};
/* End XCBuildConfiguration section */

/* Begin XCConfigurationList section */
		D594BE741A9E4240003BBB96 /* Build configuration list for PBXProject "TableView" */ = {
			isa = XCConfigurationList;
			buildConfigurations = (
				D594BE9A1A9E4240003BBB96 /* Debug */,
				D594BE9B1A9E4240003BBB96 /* Release */,
			);
			defaultConfigurationIsVisible = 0;
			defaultConfigurationName = Release;
		};
		D594BE9C1A9E4240003BBB96 /* Build configuration list for PBXNativeTarget "TableView" */ = {
			isa = XCConfigurationList;
			buildConfigurations = (
				D594BE9D1A9E4240003BBB96 /* Debug */,
				D594BE9E1A9E4240003BBB96 /* Release */,
			);
			defaultConfigurationIsVisible = 0;
			defaultConfigurationName = Release;
		};
		D594BE9F1A9E4240003BBB96 /* Build configuration list for PBXNativeTarget "TableViewTests" */ = {
			isa = XCConfigurationList;
			buildConfigurations = (
				D594BEA01A9E4240003BBB96 /* Debug */,
				D594BEA11A9E4240003BBB96 /* Release */,
			);
			defaultConfigurationIsVisible = 0;
			defaultConfigurationName = Release;
		};
/* End XCConfigurationList section */
	};
	rootObject = D594BE711A9E4240003BBB96 /* Project object */;
}
